// !$*UTF8*$!
{
	archiveVersion = 1;
	classes = {
	};
	objectVersion = 56;
	objects = {

/* Begin PBXBuildFile section */
		2495152B293A8E3200CF3CE3 /* CitySearchViewController.swift in Sources */ = {isa = PBXBuildFile; fileRef = 2495152A293A8E3200CF3CE3 /* CitySearchViewController.swift */; };
		24CB6062293610FB00DE98ED /* RawWeatherData.swift in Sources */ = {isa = PBXBuildFile; fileRef = 24CB6061293610FB00DE98ED /* RawWeatherData.swift */; };
		24CB606429362F1C00DE98ED /* NetworkWeatherManager.swift in Sources */ = {isa = PBXBuildFile; fileRef = 24CB606329362F1C00DE98ED /* NetworkWeatherManager.swift */; };
		24CB60662936331E00DE98ED /* WeatherData.swift in Sources */ = {isa = PBXBuildFile; fileRef = 24CB60652936331E00DE98ED /* WeatherData.swift */; };
		24D9E1CC2933B5770096A4E9 /* AppDelegate.swift in Sources */ = {isa = PBXBuildFile; fileRef = 24D9E1CB2933B5770096A4E9 /* AppDelegate.swift */; };
		24D9E1CE2933B5770096A4E9 /* SceneDelegate.swift in Sources */ = {isa = PBXBuildFile; fileRef = 24D9E1CD2933B5770096A4E9 /* SceneDelegate.swift */; };
		24D9E1D02933B5770096A4E9 /* MainViewController.swift in Sources */ = {isa = PBXBuildFile; fileRef = 24D9E1CF2933B5770096A4E9 /* MainViewController.swift */; };
		24D9E1D32933B5770096A4E9 /* Main.storyboard in Resources */ = {isa = PBXBuildFile; fileRef = 24D9E1D12933B5770096A4E9 /* Main.storyboard */; };
		24D9E1D52933B5780096A4E9 /* Assets.xcassets in Resources */ = {isa = PBXBuildFile; fileRef = 24D9E1D42933B5780096A4E9 /* Assets.xcassets */; };
		24D9E1D82933B5780096A4E9 /* LaunchScreen.storyboard in Resources */ = {isa = PBXBuildFile; fileRef = 24D9E1D62933B5780096A4E9 /* LaunchScreen.storyboard */; };
		24D9E1E02933B58C0096A4E9 /* Constants.swift in Sources */ = {isa = PBXBuildFile; fileRef = 24D9E1DF2933B58C0096A4E9 /* Constants.swift */; };
		24E0ED9929394E9200F9B24A /* cities.json in Resources */ = {isa = PBXBuildFile; fileRef = 24E0ED9829394E9200F9B24A /* cities.json */; };
		24FBF32829394FA00078906F /* Common.swift in Sources */ = {isa = PBXBuildFile; fileRef = 24FBF32729394FA00078906F /* Common.swift */; };
		24FBF32A293952960078906F /* CityData.swift in Sources */ = {isa = PBXBuildFile; fileRef = 24FBF329293952960078906F /* CityData.swift */; };
/* End PBXBuildFile section */

/* Begin PBXFileReference section */
		2495152A293A8E3200CF3CE3 /* CitySearchViewController.swift */ = {isa = PBXFileReference; lastKnownFileType = sourcecode.swift; path = CitySearchViewController.swift; sourceTree = "<group>"; };
		24CB6061293610FB00DE98ED /* RawWeatherData.swift */ = {isa = PBXFileReference; lastKnownFileType = sourcecode.swift; path = RawWeatherData.swift; sourceTree = "<group>"; };
		24CB606329362F1C00DE98ED /* NetworkWeatherManager.swift */ = {isa = PBXFileReference; lastKnownFileType = sourcecode.swift; path = NetworkWeatherManager.swift; sourceTree = "<group>"; };
		24CB60652936331E00DE98ED /* WeatherData.swift */ = {isa = PBXFileReference; lastKnownFileType = sourcecode.swift; path = WeatherData.swift; sourceTree = "<group>"; };
		24D9E1C82933B5770096A4E9 /* Weather.app */ = {isa = PBXFileReference; explicitFileType = wrapper.application; includeInIndex = 0; path = Weather.app; sourceTree = BUILT_PRODUCTS_DIR; };
		24D9E1CB2933B5770096A4E9 /* AppDelegate.swift */ = {isa = PBXFileReference; lastKnownFileType = sourcecode.swift; path = AppDelegate.swift; sourceTree = "<group>"; };
		24D9E1CD2933B5770096A4E9 /* SceneDelegate.swift */ = {isa = PBXFileReference; lastKnownFileType = sourcecode.swift; path = SceneDelegate.swift; sourceTree = "<group>"; };
		24D9E1CF2933B5770096A4E9 /* MainViewController.swift */ = {isa = PBXFileReference; lastKnownFileType = sourcecode.swift; path = MainViewController.swift; sourceTree = "<group>"; };
		24D9E1D22933B5770096A4E9 /* Base */ = {isa = PBXFileReference; lastKnownFileType = file.storyboard; name = Base; path = Base.lproj/Main.storyboard; sourceTree = "<group>"; };
		24D9E1D42933B5780096A4E9 /* Assets.xcassets */ = {isa = PBXFileReference; lastKnownFileType = folder.assetcatalog; path = Assets.xcassets; sourceTree = "<group>"; };
		24D9E1D72933B5780096A4E9 /* Base */ = {isa = PBXFileReference; lastKnownFileType = file.storyboard; name = Base; path = Base.lproj/LaunchScreen.storyboard; sourceTree = "<group>"; };
		24D9E1D92933B5780096A4E9 /* Info.plist */ = {isa = PBXFileReference; lastKnownFileType = text.plist.xml; path = Info.plist; sourceTree = "<group>"; };
		24D9E1DF2933B58C0096A4E9 /* Constants.swift */ = {isa = PBXFileReference; lastKnownFileType = sourcecode.swift; path = Constants.swift; sourceTree = "<group>"; };
		24E0ED9829394E9200F9B24A /* cities.json */ = {isa = PBXFileReference; lastKnownFileType = text.json; path = cities.json; sourceTree = "<group>"; };
		24FBF32729394FA00078906F /* Common.swift */ = {isa = PBXFileReference; lastKnownFileType = sourcecode.swift; path = Common.swift; sourceTree = "<group>"; };
		24FBF329293952960078906F /* CityData.swift */ = {isa = PBXFileReference; lastKnownFileType = sourcecode.swift; path = CityData.swift; sourceTree = "<group>"; };
/* End PBXFileReference section */

/* Begin PBXFrameworksBuildPhase section */
		24D9E1C52933B5770096A4E9 /* Frameworks */ = {
			isa = PBXFrameworksBuildPhase;
			buildActionMask = 2147483647;
			files = (
			);
			runOnlyForDeploymentPostprocessing = 0;
		};
/* End PBXFrameworksBuildPhase section */

/* Begin PBXGroup section */
		24CB605D29360BF500DE98ED /* Views */ = {
			isa = PBXGroup;
			children = (
				24D9E1D62933B5780096A4E9 /* LaunchScreen.storyboard */,
				24D9E1D12933B5770096A4E9 /* Main.storyboard */,
			);
			path = Views;
			sourceTree = "<group>";
		};
		24CB605E29360C0F00DE98ED /* Controllers */ = {
			isa = PBXGroup;
			children = (
				24D9E1CF2933B5770096A4E9 /* MainViewController.swift */,
				2495152A293A8E3200CF3CE3 /* CitySearchViewController.swift */,
			);
			path = Controllers;
			sourceTree = "<group>";
		};
		24CB605F29360C3100DE98ED /* Core Files */ = {
			isa = PBXGroup;
			children = (
				24D9E1CB2933B5770096A4E9 /* AppDelegate.swift */,
				24D9E1DF2933B58C0096A4E9 /* Constants.swift */,
				24FBF32729394FA00078906F /* Common.swift */,
				24D9E1CD2933B5770096A4E9 /* SceneDelegate.swift */,
				24E0ED9829394E9200F9B24A /* cities.json */,
				24D9E1D42933B5780096A4E9 /* Assets.xcassets */,
				24D9E1D92933B5780096A4E9 /* Info.plist */,
			);
			path = "Core Files";
			sourceTree = "<group>";
		};
		24CB606029360C9000DE98ED /* Models */ = {
			isa = PBXGroup;
			children = (
				24CB6061293610FB00DE98ED /* RawWeatherData.swift */,
				24CB60652936331E00DE98ED /* WeatherData.swift */,
				24FBF329293952960078906F /* CityData.swift */,
				24CB606329362F1C00DE98ED /* NetworkWeatherManager.swift */,
			);
			path = Models;
			sourceTree = "<group>";
		};
		24D9E1BF2933B5770096A4E9 = {
			isa = PBXGroup;
			children = (
				24D9E1CA2933B5770096A4E9 /* Weather */,
				24D9E1C92933B5770096A4E9 /* Products */,
			);
			sourceTree = "<group>";
		};
		24D9E1C92933B5770096A4E9 /* Products */ = {
			isa = PBXGroup;
			children = (
				24D9E1C82933B5770096A4E9 /* Weather.app */,
			);
			name = Products;
			sourceTree = "<group>";
		};
		24D9E1CA2933B5770096A4E9 /* Weather */ = {
			isa = PBXGroup;
			children = (
				24CB606029360C9000DE98ED /* Models */,
				24CB605D29360BF500DE98ED /* Views */,
				24CB605E29360C0F00DE98ED /* Controllers */,
				24CB605F29360C3100DE98ED /* Core Files */,
			);
			path = Weather;
			sourceTree = "<group>";
		};
/* End PBXGroup section */

/* Begin PBXNativeTarget section */
		24D9E1C72933B5770096A4E9 /* Weather */ = {
			isa = PBXNativeTarget;
			buildConfigurationList = 24D9E1DC2933B5780096A4E9 /* Build configuration list for PBXNativeTarget "Weather" */;
			buildPhases = (
				24D9E1C42933B5770096A4E9 /* Sources */,
				24D9E1C52933B5770096A4E9 /* Frameworks */,
				24D9E1C62933B5770096A4E9 /* Resources */,
			);
			buildRules = (
			);
			dependencies = (
			);
			name = Weather;
			productName = Weather;
			productReference = 24D9E1C82933B5770096A4E9 /* Weather.app */;
			productType = "com.apple.product-type.application";
		};
/* End PBXNativeTarget section */

/* Begin PBXProject section */
		24D9E1C02933B5770096A4E9 /* Project object */ = {
			isa = PBXProject;
			attributes = {
				BuildIndependentTargetsInParallel = 1;
				LastSwiftUpdateCheck = 1410;
				LastUpgradeCheck = 1410;
				TargetAttributes = {
					24D9E1C72933B5770096A4E9 = {
						CreatedOnToolsVersion = 14.1;
					};
				};
			};
			buildConfigurationList = 24D9E1C32933B5770096A4E9 /* Build configuration list for PBXProject "Weather" */;
			compatibilityVersion = "Xcode 14.0";
			developmentRegion = en;
			hasScannedForEncodings = 0;
			knownRegions = (
				en,
				Base,
			);
			mainGroup = 24D9E1BF2933B5770096A4E9;
			productRefGroup = 24D9E1C92933B5770096A4E9 /* Products */;
			projectDirPath = "";
			projectRoot = "";
			targets = (
				24D9E1C72933B5770096A4E9 /* Weather */,
			);
		};
/* End PBXProject section */

/* Begin PBXResourcesBuildPhase section */
		24D9E1C62933B5770096A4E9 /* Resources */ = {
			isa = PBXResourcesBuildPhase;
			buildActionMask = 2147483647;
			files = (
				24D9E1D82933B5780096A4E9 /* LaunchScreen.storyboard in Resources */,
				24E0ED9929394E9200F9B24A /* cities.json in Resources */,
				24D9E1D52933B5780096A4E9 /* Assets.xcassets in Resources */,
				24D9E1D32933B5770096A4E9 /* Main.storyboard in Resources */,
			);
			runOnlyForDeploymentPostprocessing = 0;
		};
/* End PBXResourcesBuildPhase section */

/* Begin PBXSourcesBuildPhase section */
		24D9E1C42933B5770096A4E9 /* Sources */ = {
			isa = PBXSourcesBuildPhase;
			buildActionMask = 2147483647;
			files = (
				24D9E1D02933B5770096A4E9 /* MainViewController.swift in Sources */,
				24CB6062293610FB00DE98ED /* RawWeatherData.swift in Sources */,
				24FBF32A293952960078906F /* CityData.swift in Sources */,
				24D9E1CC2933B5770096A4E9 /* AppDelegate.swift in Sources */,
				24CB606429362F1C00DE98ED /* NetworkWeatherManager.swift in Sources */,
				24FBF32829394FA00078906F /* Common.swift in Sources */,
				24D9E1CE2933B5770096A4E9 /* SceneDelegate.swift in Sources */,
				2495152B293A8E3200CF3CE3 /* CitySearchViewController.swift in Sources */,
				24D9E1E02933B58C0096A4E9 /* Constants.swift in Sources */,
				24CB60662936331E00DE98ED /* WeatherData.swift in Sources */,
			);
			runOnlyForDeploymentPostprocessing = 0;
		};
/* End PBXSourcesBuildPhase section */

/* Begin PBXVariantGroup section */
		24D9E1D12933B5770096A4E9 /* Main.storyboard */ = {
			isa = PBXVariantGroup;
			children = (
				24D9E1D22933B5770096A4E9 /* Base */,
			);
			name = Main.storyboard;
			sourceTree = "<group>";
		};
		24D9E1D62933B5780096A4E9 /* LaunchScreen.storyboard */ = {
			isa = PBXVariantGroup;
			children = (
				24D9E1D72933B5780096A4E9 /* Base */,
			);
			name = LaunchScreen.storyboard;
			sourceTree = "<group>";
		};
/* End PBXVariantGroup section */

/* Begin XCBuildConfiguration section */
		24D9E1DA2933B5780096A4E9 /* Debug */ = {
			isa = XCBuildConfiguration;
			buildSettings = {
				ALWAYS_SEARCH_USER_PATHS = NO;
				CLANG_ANALYZER_NONNULL = YES;
				CLANG_ANALYZER_NUMBER_OBJECT_CONVERSION = YES_AGGRESSIVE;
				CLANG_CXX_LANGUAGE_STANDARD = "gnu++20";
				CLANG_ENABLE_MODULES = YES;
				CLANG_ENABLE_OBJC_ARC = YES;
				CLANG_ENABLE_OBJC_WEAK = YES;
				CLANG_WARN_BLOCK_CAPTURE_AUTORELEASING = YES;
				CLANG_WARN_BOOL_CONVERSION = YES;
				CLANG_WARN_COMMA = YES;
				CLANG_WARN_CONSTANT_CONVERSION = YES;
				CLANG_WARN_DEPRECATED_OBJC_IMPLEMENTATIONS = YES;
				CLANG_WARN_DIRECT_OBJC_ISA_USAGE = YES_ERROR;
				CLANG_WARN_DOCUMENTATION_COMMENTS = YES;
				CLANG_WARN_EMPTY_BODY = YES;
				CLANG_WARN_ENUM_CONVERSION = YES;
				CLANG_WARN_INFINITE_RECURSION = YES;
				CLANG_WARN_INT_CONVERSION = YES;
				CLANG_WARN_NON_LITERAL_NULL_CONVERSION = YES;
				CLANG_WARN_OBJC_IMPLICIT_RETAIN_SELF = YES;
				CLANG_WARN_OBJC_LITERAL_CONVERSION = YES;
				CLANG_WARN_OBJC_ROOT_CLASS = YES_ERROR;
				CLANG_WARN_QUOTED_INCLUDE_IN_FRAMEWORK_HEADER = YES;
				CLANG_WARN_RANGE_LOOP_ANALYSIS = YES;
				CLANG_WARN_STRICT_PROTOTYPES = YES;
				CLANG_WARN_SUSPICIOUS_MOVE = YES;
				CLANG_WARN_UNGUARDED_AVAILABILITY = YES_AGGRESSIVE;
				CLANG_WARN_UNREACHABLE_CODE = YES;
				CLANG_WARN__DUPLICATE_METHOD_MATCH = YES;
				COPY_PHASE_STRIP = NO;
				DEBUG_INFORMATION_FORMAT = dwarf;
				ENABLE_STRICT_OBJC_MSGSEND = YES;
				ENABLE_TESTABILITY = YES;
				GCC_C_LANGUAGE_STANDARD = gnu11;
				GCC_DYNAMIC_NO_PIC = NO;
				GCC_NO_COMMON_BLOCKS = YES;
				GCC_OPTIMIZATION_LEVEL = 0;
				GCC_PREPROCESSOR_DEFINITIONS = (
					"DEBUG=1",
					"$(inherited)",
				);
				GCC_WARN_64_TO_32_BIT_CONVERSION = YES;
				GCC_WARN_ABOUT_RETURN_TYPE = YES_ERROR;
				GCC_WARN_UNDECLARED_SELECTOR = YES;
				GCC_WARN_UNINITIALIZED_AUTOS = YES_AGGRESSIVE;
				GCC_WARN_UNUSED_FUNCTION = YES;
				GCC_WARN_UNUSED_VARIABLE = YES;
				IPHONEOS_DEPLOYMENT_TARGET = 16.1;
				MTL_ENABLE_DEBUG_INFO = INCLUDE_SOURCE;
				MTL_FAST_MATH = YES;
				ONLY_ACTIVE_ARCH = YES;
				SDKROOT = iphoneos;
				SWIFT_ACTIVE_COMPILATION_CONDITIONS = DEBUG;
				SWIFT_OPTIMIZATION_LEVEL = "-Onone";
			};
			name = Debug;
		};
		24D9E1DB2933B5780096A4E9 /* Release */ = {
			isa = XCBuildConfiguration;
			buildSettings = {
				ALWAYS_SEARCH_USER_PATHS = NO;
				CLANG_ANALYZER_NONNULL = YES;
				CLANG_ANALYZER_NUMBER_OBJECT_CONVERSION = YES_AGGRESSIVE;
				CLANG_CXX_LANGUAGE_STANDARD = "gnu++20";
				CLANG_ENABLE_MODULES = YES;
				CLANG_ENABLE_OBJC_ARC = YES;
				CLANG_ENABLE_OBJC_WEAK = YES;
				CLANG_WARN_BLOCK_CAPTURE_AUTORELEASING = YES;
				CLANG_WARN_BOOL_CONVERSION = YES;
				CLANG_WARN_COMMA = YES;
				CLANG_WARN_CONSTANT_CONVERSION = YES;
				CLANG_WARN_DEPRECATED_OBJC_IMPLEMENTATIONS = YES;
				CLANG_WARN_DIRECT_OBJC_ISA_USAGE = YES_ERROR;
				CLANG_WARN_DOCUMENTATION_COMMENTS = YES;
				CLANG_WARN_EMPTY_BODY = YES;
				CLANG_WARN_ENUM_CONVERSION = YES;
				CLANG_WARN_INFINITE_RECURSION = YES;
				CLANG_WARN_INT_CONVERSION = YES;
				CLANG_WARN_NON_LITERAL_NULL_CONVERSION = YES;
				CLANG_WARN_OBJC_IMPLICIT_RETAIN_SELF = YES;
				CLANG_WARN_OBJC_LITERAL_CONVERSION = YES;
				CLANG_WARN_OBJC_ROOT_CLASS = YES_ERROR;
				CLANG_WARN_QUOTED_INCLUDE_IN_FRAMEWORK_HEADER = YES;
				CLANG_WARN_RANGE_LOOP_ANALYSIS = YES;
				CLANG_WARN_STRICT_PROTOTYPES = YES;
				CLANG_WARN_SUSPICIOUS_MOVE = YES;
				CLANG_WARN_UNGUARDED_AVAILABILITY = YES_AGGRESSIVE;
				CLANG_WARN_UNREACHABLE_CODE = YES;
				CLANG_WARN__DUPLICATE_METHOD_MATCH = YES;
				COPY_PHASE_STRIP = NO;
				DEBUG_INFORMATION_FORMAT = "dwarf-with-dsym";
				ENABLE_NS_ASSERTIONS = NO;
				ENABLE_STRICT_OBJC_MSGSEND = YES;
				GCC_C_LANGUAGE_STANDARD = gnu11;
				GCC_NO_COMMON_BLOCKS = YES;
				GCC_WARN_64_TO_32_BIT_CONVERSION = YES;
				GCC_WARN_ABOUT_RETURN_TYPE = YES_ERROR;
				GCC_WARN_UNDECLARED_SELECTOR = YES;
				GCC_WARN_UNINITIALIZED_AUTOS = YES_AGGRESSIVE;
				GCC_WARN_UNUSED_FUNCTION = YES;
				GCC_WARN_UNUSED_VARIABLE = YES;
				IPHONEOS_DEPLOYMENT_TARGET = 16.1;
				MTL_ENABLE_DEBUG_INFO = NO;
				MTL_FAST_MATH = YES;
				SDKROOT = iphoneos;
				SWIFT_COMPILATION_MODE = wholemodule;
				SWIFT_OPTIMIZATION_LEVEL = "-O";
				VALIDATE_PRODUCT = YES;
			};
			name = Release;
		};
		24D9E1DD2933B5780096A4E9 /* Debug */ = {
			isa = XCBuildConfiguration;
			buildSettings = {
				ASSETCATALOG_COMPILER_APPICON_NAME = AppIcon;
				ASSETCATALOG_COMPILER_GLOBAL_ACCENT_COLOR_NAME = AccentColor;
				CODE_SIGN_STYLE = Automatic;
				CURRENT_PROJECT_VERSION = 1;
				DEVELOPMENT_TEAM = 9ANR5MW45B;
				GENERATE_INFOPLIST_FILE = YES;
				INFOPLIST_FILE = "Weather/Core Files/Info.plist";
				INFOPLIST_KEY_UIApplicationSupportsIndirectInputEvents = YES;
				INFOPLIST_KEY_UILaunchStoryboardName = LaunchScreen;
				INFOPLIST_KEY_UIMainStoryboardFile = Main;
				INFOPLIST_KEY_UISupportedInterfaceOrientations = "UIInterfaceOrientationPortrait UIInterfaceOrientationPortraitUpsideDown";
				IPHONEOS_DEPLOYMENT_TARGET = 13.0;
				LD_RUNPATH_SEARCH_PATHS = (
					"$(inherited)",
					"@executable_path/Frameworks",
				);
				MARKETING_VERSION = 1.0;
				PRODUCT_BUNDLE_IDENTIFIER = com.garbart.Weather;
				PRODUCT_NAME = "$(TARGET_NAME)";
				SWIFT_EMIT_LOC_STRINGS = YES;
				SWIFT_VERSION = 5.0;
				TARGETED_DEVICE_FAMILY = "1,2";
			};
			name = Debug;
		};
		24D9E1DE2933B5780096A4E9 /* Release */ = {
			isa = XCBuildConfiguration;
			buildSettings = {
				ASSETCATALOG_COMPILER_APPICON_NAME = AppIcon;
				ASSETCATALOG_COMPILER_GLOBAL_ACCENT_COLOR_NAME = AccentColor;
				CODE_SIGN_STYLE = Automatic;
				CURRENT_PROJECT_VERSION = 1;
				DEVELOPMENT_TEAM = 9ANR5MW45B;
				GENERATE_INFOPLIST_FILE = YES;
				INFOPLIST_FILE = "Weather/Core Files/Info.plist";
				INFOPLIST_KEY_UIApplicationSupportsIndirectInputEvents = YES;
				INFOPLIST_KEY_UILaunchStoryboardName = LaunchScreen;
				INFOPLIST_KEY_UIMainStoryboardFile = Main;
				INFOPLIST_KEY_UISupportedInterfaceOrientations = "UIInterfaceOrientationPortrait UIInterfaceOrientationPortraitUpsideDown";
				IPHONEOS_DEPLOYMENT_TARGET = 13.0;
				LD_RUNPATH_SEARCH_PATHS = (
					"$(inherited)",
					"@executable_path/Frameworks",
				);
				MARKETING_VERSION = 1.0;
				PRODUCT_BUNDLE_IDENTIFIER = com.garbart.Weather;
				PRODUCT_NAME = "$(TARGET_NAME)";
				SWIFT_EMIT_LOC_STRINGS = YES;
				SWIFT_VERSION = 5.0;
				TARGETED_DEVICE_FAMILY = "1,2";
			};
			name = Release;
		};
/* End XCBuildConfiguration section */

/* Begin XCConfigurationList section */
		24D9E1C32933B5770096A4E9 /* Build configuration list for PBXProject "Weather" */ = {
			isa = XCConfigurationList;
			buildConfigurations = (
				24D9E1DA2933B5780096A4E9 /* Debug */,
				24D9E1DB2933B5780096A4E9 /* Release */,
			);
			defaultConfigurationIsVisible = 0;
			defaultConfigurationName = Release;
		};
		24D9E1DC2933B5780096A4E9 /* Build configuration list for PBXNativeTarget "Weather" */ = {
			isa = XCConfigurationList;
			buildConfigurations = (
				24D9E1DD2933B5780096A4E9 /* Debug */,
				24D9E1DE2933B5780096A4E9 /* Release */,
			);
			defaultConfigurationIsVisible = 0;
			defaultConfigurationName = Release;
		};
/* End XCConfigurationList section */
	};
	rootObject = 24D9E1C02933B5770096A4E9 /* Project object */;
}
